// !$*UTF8*$!
{
	archiveVersion = 1;
	classes = {
	};
	objectVersion = 56;
	objects = {

/* Begin PBXBuildFile section */
		F10706222CE5B618005B3399 /* ReportChart.swift in Sources */ = {isa = PBXBuildFile; fileRef = F10706212CE5B612005B3399 /* ReportChart.swift */; };
		F10B6A992C508ABB001536B4 /* ClientError.swift in Sources */ = {isa = PBXBuildFile; fileRef = F10B6A982C508ABB001536B4 /* ClientError.swift */; };
		F10B6A9B2C508FA0001536B4 /* TextSearchResultView.swift in Sources */ = {isa = PBXBuildFile; fileRef = F10B6A9A2C508FA0001536B4 /* TextSearchResultView.swift */; };
		F11C8CB82CD072A700409F83 /* Modifiers.swift in Sources */ = {isa = PBXBuildFile; fileRef = F11C8CB72CD072A300409F83 /* Modifiers.swift */; };
		F13860582C3CBCEC0052EBC8 /* LocationService.swift in Sources */ = {isa = PBXBuildFile; fileRef = F13860572C3CBCEC0052EBC8 /* LocationService.swift */; };
		F138605A2C3CBDF70052EBC8 /* MapViewModel.swift in Sources */ = {isa = PBXBuildFile; fileRef = F13860592C3CBDF70052EBC8 /* MapViewModel.swift */; };
		F14FA4232CDC52940011B10A /* ScoreItem.swift in Sources */ = {isa = PBXBuildFile; fileRef = F14FA4222CDC52940011B10A /* ScoreItem.swift */; };
		F152B1C22D24928E00321DDF /* FavoritesView.swift in Sources */ = {isa = PBXBuildFile; fileRef = F152B1C12D24928400321DDF /* FavoritesView.swift */; };
		F152C1322C3B3C120064F570 /* SocrataAPIClient.swift in Sources */ = {isa = PBXBuildFile; fileRef = F152C1312C3B3C120064F570 /* SocrataAPIClient.swift */; };
		F152C1412C3B48590064F570 /* SocrataClientTests.swift in Sources */ = {isa = PBXBuildFile; fileRef = F152C1402C3B48590064F570 /* SocrataClientTests.swift */; };
		F152C1432C3CAF990064F570 /* MapView.swift in Sources */ = {isa = PBXBuildFile; fileRef = F152C1422C3CAF990064F570 /* MapView.swift */; };
		F15471BC2CED718B00F65095 /* FavoritesTests.swift in Sources */ = {isa = PBXBuildFile; fileRef = F15471BB2CED717600F65095 /* FavoritesTests.swift */; };
		F15471C22CF0F21F00F65095 /* SearchBar.swift in Sources */ = {isa = PBXBuildFile; fileRef = F15471C12CF0F21F00F65095 /* SearchBar.swift */; };
		F1609A352CE300BE00988712 /* AppProgressView.swift in Sources */ = {isa = PBXBuildFile; fileRef = F1609A342CE300BE00988712 /* AppProgressView.swift */; };
		F1609A372CE300D200988712 /* ProximitySearchResultView.swift in Sources */ = {isa = PBXBuildFile; fileRef = F1609A362CE300D200988712 /* ProximitySearchResultView.swift */; };
		F1609A392CE3015600988712 /* MapUtilityButton.swift in Sources */ = {isa = PBXBuildFile; fileRef = F1609A382CE3015200988712 /* MapUtilityButton.swift */; };
		F164205B2CC09D2C00E87F66 /* MockURLProtocol.swift in Sources */ = {isa = PBXBuildFile; fileRef = F164205A2CC09D2C00E87F66 /* MockURLProtocol.swift */; };
		F164205D2CC0A29D00E87F66 /* APIClient.swift in Sources */ = {isa = PBXBuildFile; fileRef = F164205C2CC0A29D00E87F66 /* APIClient.swift */; };
		F16420642CC342C300E87F66 /* test04loungedata.json in Resources */ = {isa = PBXBuildFile; fileRef = F16420632CC342B200E87F66 /* test04loungedata.json */; };
		F16420682CC344AD00E87F66 /* InputTests.swift in Sources */ = {isa = PBXBuildFile; fileRef = F16420672CC344AA00E87F66 /* InputTests.swift */; };
		F17D9F042CD91B0B0014851D /* Collections in Frameworks */ = {isa = PBXBuildFile; productRef = F17D9F032CD91B0B0014851D /* Collections */; };
		F1D5F5262CE6FDDA00CE7B0C /* README.md in Resources */ = {isa = PBXBuildFile; fileRef = F1D5F5252CE6FDDA00CE7B0C /* README.md */; };
		F1D5F5282CE7BE7C00CE7B0C /* FavoritesStore.swift in Sources */ = {isa = PBXBuildFile; fileRef = F1D5F5272CE7BE7400CE7B0C /* FavoritesStore.swift */; };
		F1D5F52A2CE7D22800CE7B0C /* FavoritesButton.swift in Sources */ = {isa = PBXBuildFile; fileRef = F1D5F5292CE7D22200CE7B0C /* FavoritesButton.swift */; };
		F1D5F52C2CEC399000CE7B0C /* FavoritesViewModel.swift in Sources */ = {isa = PBXBuildFile; fileRef = F1D5F52B2CEC398B00CE7B0C /* FavoritesViewModel.swift */; };
		F1EACEE02C371C71006BE3F9 /* AtxHealthGradesApp.swift in Sources */ = {isa = PBXBuildFile; fileRef = F1EACEDF2C371C71006BE3F9 /* AtxHealthGradesApp.swift */; };
		F1EACEE22C371C71006BE3F9 /* MainView.swift in Sources */ = {isa = PBXBuildFile; fileRef = F1EACEE12C371C71006BE3F9 /* MainView.swift */; };
		F1EACEE62C371C73006BE3F9 /* Assets.xcassets in Resources */ = {isa = PBXBuildFile; fileRef = F1EACEE52C371C73006BE3F9 /* Assets.xcassets */; };
		F1EACEE92C371C73006BE3F9 /* Preview Assets.xcassets in Resources */ = {isa = PBXBuildFile; fileRef = F1EACEE82C371C73006BE3F9 /* Preview Assets.xcassets */; };
		F1EACEF02C371DED006BE3F9 /* Constants.swift in Sources */ = {isa = PBXBuildFile; fileRef = F1EACEEF2C371DED006BE3F9 /* Constants.swift */; };
		F1EACEF42C373CF5006BE3F9 /* Report.swift in Sources */ = {isa = PBXBuildFile; fileRef = F1EACEF32C373CF5006BE3F9 /* Report.swift */; };
		F1EACEF82C374B89006BE3F9 /* SearchViewModel.swift in Sources */ = {isa = PBXBuildFile; fileRef = F1EACEF72C374B89006BE3F9 /* SearchViewModel.swift */; };
		F1F1E2132D22193400CFF9FA /* LocalizedAlertError.swift in Sources */ = {isa = PBXBuildFile; fileRef = F1F1E2122D22192A00CFF9FA /* LocalizedAlertError.swift */; };
		F1F55FAB2C38680B005C0F30 /* FoodBackground.swift in Sources */ = {isa = PBXBuildFile; fileRef = F1F55FAA2C38680B005C0F30 /* FoodBackground.swift */; };
		F1F55FAD2C38E632005C0F30 /* Extensions.swift in Sources */ = {isa = PBXBuildFile; fileRef = F1F55FAC2C38E632005C0F30 /* Extensions.swift */; };
		F1F55FAF2C38F1FC005C0F30 /* UrlBuilder.swift in Sources */ = {isa = PBXBuildFile; fileRef = F1F55FAE2C38F1FC005C0F30 /* UrlBuilder.swift */; };
/* End PBXBuildFile section */

/* Begin PBXContainerItemProxy section */
		F152C13B2C3B482A0064F570 /* PBXContainerItemProxy */ = {
			isa = PBXContainerItemProxy;
			containerPortal = F1EACED42C371C71006BE3F9 /* Project object */;
			proxyType = 1;
			remoteGlobalIDString = F1EACEDB2C371C71006BE3F9;
			remoteInfo = AtxHealthInspection;
		};
/* End PBXContainerItemProxy section */

/* Begin PBXFileReference section */
		F10706212CE5B612005B3399 /* ReportChart.swift */ = {isa = PBXFileReference; lastKnownFileType = sourcecode.swift; path = ReportChart.swift; sourceTree = "<group>"; };
		F10B6A982C508ABB001536B4 /* ClientError.swift */ = {isa = PBXFileReference; lastKnownFileType = sourcecode.swift; path = ClientError.swift; sourceTree = "<group>"; };
		F10B6A9A2C508FA0001536B4 /* TextSearchResultView.swift */ = {isa = PBXFileReference; lastKnownFileType = sourcecode.swift; path = TextSearchResultView.swift; sourceTree = "<group>"; };
		F11C8CB72CD072A300409F83 /* Modifiers.swift */ = {isa = PBXFileReference; lastKnownFileType = sourcecode.swift; path = Modifiers.swift; sourceTree = "<group>"; };
		F13860572C3CBCEC0052EBC8 /* LocationService.swift */ = {isa = PBXFileReference; lastKnownFileType = sourcecode.swift; path = LocationService.swift; sourceTree = "<group>"; };
		F13860592C3CBDF70052EBC8 /* MapViewModel.swift */ = {isa = PBXFileReference; lastKnownFileType = sourcecode.swift; path = MapViewModel.swift; sourceTree = "<group>"; };
		F14FA4222CDC52940011B10A /* ScoreItem.swift */ = {isa = PBXFileReference; lastKnownFileType = sourcecode.swift; path = ScoreItem.swift; sourceTree = "<group>"; };
		F152B1C12D24928400321DDF /* FavoritesView.swift */ = {isa = PBXFileReference; lastKnownFileType = sourcecode.swift; path = FavoritesView.swift; sourceTree = "<group>"; };
		F152C1312C3B3C120064F570 /* SocrataAPIClient.swift */ = {isa = PBXFileReference; lastKnownFileType = sourcecode.swift; path = SocrataAPIClient.swift; sourceTree = "<group>"; };
		F152C1372C3B482A0064F570 /* AtxHealthGradesTests.xctest */ = {isa = PBXFileReference; explicitFileType = wrapper.cfbundle; includeInIndex = 0; path = AtxHealthGradesTests.xctest; sourceTree = BUILT_PRODUCTS_DIR; };
		F152C1402C3B48590064F570 /* SocrataClientTests.swift */ = {isa = PBXFileReference; lastKnownFileType = sourcecode.swift; path = SocrataClientTests.swift; sourceTree = "<group>"; };
		F152C1422C3CAF990064F570 /* MapView.swift */ = {isa = PBXFileReference; lastKnownFileType = sourcecode.swift; path = MapView.swift; sourceTree = "<group>"; };
		F15471BB2CED717600F65095 /* FavoritesTests.swift */ = {isa = PBXFileReference; lastKnownFileType = sourcecode.swift; path = FavoritesTests.swift; sourceTree = "<group>"; };
		F15471C12CF0F21F00F65095 /* SearchBar.swift */ = {isa = PBXFileReference; lastKnownFileType = sourcecode.swift; path = SearchBar.swift; sourceTree = "<group>"; };
		F1609A342CE300BE00988712 /* AppProgressView.swift */ = {isa = PBXFileReference; lastKnownFileType = sourcecode.swift; path = AppProgressView.swift; sourceTree = "<group>"; };
		F1609A362CE300D200988712 /* ProximitySearchResultView.swift */ = {isa = PBXFileReference; lastKnownFileType = sourcecode.swift; path = ProximitySearchResultView.swift; sourceTree = "<group>"; };
		F1609A382CE3015200988712 /* MapUtilityButton.swift */ = {isa = PBXFileReference; lastKnownFileType = sourcecode.swift; path = MapUtilityButton.swift; sourceTree = "<group>"; };
		F161E6012D39FCEA00529432 /* austin.gpx */ = {isa = PBXFileReference; lastKnownFileType = text.xml; path = austin.gpx; sourceTree = "<group>"; };
		F164205A2CC09D2C00E87F66 /* MockURLProtocol.swift */ = {isa = PBXFileReference; lastKnownFileType = sourcecode.swift; path = MockURLProtocol.swift; sourceTree = "<group>"; };
		F164205C2CC0A29D00E87F66 /* APIClient.swift */ = {isa = PBXFileReference; lastKnownFileType = sourcecode.swift; path = APIClient.swift; sourceTree = "<group>"; };
		F16420632CC342B200E87F66 /* test04loungedata.json */ = {isa = PBXFileReference; lastKnownFileType = text.json; path = test04loungedata.json; sourceTree = "<group>"; xcLanguageSpecificationIdentifier = xcode.lang.json; };
		F16420672CC344AA00E87F66 /* InputTests.swift */ = {isa = PBXFileReference; lastKnownFileType = sourcecode.swift; path = InputTests.swift; sourceTree = "<group>"; };
		F1CDD1932D30C25A00E9EA7F /* todo.txt */ = {isa = PBXFileReference; lastKnownFileType = text; path = todo.txt; sourceTree = "<group>"; };
		F1D5F5252CE6FDDA00CE7B0C /* README.md */ = {isa = PBXFileReference; lastKnownFileType = net.daringfireball.markdown; path = README.md; sourceTree = "<group>"; };
		F1D5F5272CE7BE7400CE7B0C /* FavoritesStore.swift */ = {isa = PBXFileReference; lastKnownFileType = sourcecode.swift; path = FavoritesStore.swift; sourceTree = "<group>"; };
		F1D5F5292CE7D22200CE7B0C /* FavoritesButton.swift */ = {isa = PBXFileReference; lastKnownFileType = sourcecode.swift; path = FavoritesButton.swift; sourceTree = "<group>"; };
		F1D5F52B2CEC398B00CE7B0C /* FavoritesViewModel.swift */ = {isa = PBXFileReference; lastKnownFileType = sourcecode.swift; path = FavoritesViewModel.swift; sourceTree = "<group>"; };
		F1EACEDC2C371C71006BE3F9 /* AtxHealthGrades.app */ = {isa = PBXFileReference; explicitFileType = wrapper.application; includeInIndex = 0; path = AtxHealthGrades.app; sourceTree = BUILT_PRODUCTS_DIR; };
		F1EACEDF2C371C71006BE3F9 /* AtxHealthGradesApp.swift */ = {isa = PBXFileReference; lastKnownFileType = sourcecode.swift; path = AtxHealthGradesApp.swift; sourceTree = "<group>"; };
		F1EACEE12C371C71006BE3F9 /* MainView.swift */ = {isa = PBXFileReference; lastKnownFileType = sourcecode.swift; path = MainView.swift; sourceTree = "<group>"; };
		F1EACEE52C371C73006BE3F9 /* Assets.xcassets */ = {isa = PBXFileReference; lastKnownFileType = folder.assetcatalog; path = Assets.xcassets; sourceTree = "<group>"; };
		F1EACEE82C371C73006BE3F9 /* Preview Assets.xcassets */ = {isa = PBXFileReference; lastKnownFileType = folder.assetcatalog; path = "Preview Assets.xcassets"; sourceTree = "<group>"; };
		F1EACEEF2C371DED006BE3F9 /* Constants.swift */ = {isa = PBXFileReference; lastKnownFileType = sourcecode.swift; path = Constants.swift; sourceTree = "<group>"; };
		F1EACEF32C373CF5006BE3F9 /* Report.swift */ = {isa = PBXFileReference; lastKnownFileType = sourcecode.swift; path = Report.swift; sourceTree = "<group>"; };
		F1EACEF72C374B89006BE3F9 /* SearchViewModel.swift */ = {isa = PBXFileReference; lastKnownFileType = sourcecode.swift; path = SearchViewModel.swift; sourceTree = "<group>"; };
		F1F1E2122D22192A00CFF9FA /* LocalizedAlertError.swift */ = {isa = PBXFileReference; lastKnownFileType = sourcecode.swift; path = LocalizedAlertError.swift; sourceTree = "<group>"; };
		F1F55FAA2C38680B005C0F30 /* FoodBackground.swift */ = {isa = PBXFileReference; lastKnownFileType = sourcecode.swift; path = FoodBackground.swift; sourceTree = "<group>"; };
		F1F55FAC2C38E632005C0F30 /* Extensions.swift */ = {isa = PBXFileReference; lastKnownFileType = sourcecode.swift; path = Extensions.swift; sourceTree = "<group>"; };
		F1F55FAE2C38F1FC005C0F30 /* UrlBuilder.swift */ = {isa = PBXFileReference; lastKnownFileType = sourcecode.swift; path = UrlBuilder.swift; sourceTree = "<group>"; };
		F1FA6CE42D41E4AA00F218CD /* Info.plist */ = {isa = PBXFileReference; lastKnownFileType = text.plist; path = Info.plist; sourceTree = "<group>"; };
/* End PBXFileReference section */

/* Begin PBXFrameworksBuildPhase section */
		F152C1342C3B482A0064F570 /* Frameworks */ = {
			isa = PBXFrameworksBuildPhase;
			buildActionMask = 2147483647;
			files = (
			);
			runOnlyForDeploymentPostprocessing = 0;
		};
		F1EACED92C371C71006BE3F9 /* Frameworks */ = {
			isa = PBXFrameworksBuildPhase;
			buildActionMask = 2147483647;
			files = (
				F17D9F042CD91B0B0014851D /* Collections in Frameworks */,
			);
			runOnlyForDeploymentPostprocessing = 0;
		};
/* End PBXFrameworksBuildPhase section */

/* Begin PBXGroup section */
		F152C1382C3B482A0064F570 /* AtxHealthGradesTests */ = {
			isa = PBXGroup;
			children = (
				F16420672CC344AA00E87F66 /* InputTests.swift */,
				F15471BB2CED717600F65095 /* FavoritesTests.swift */,
				F152C1402C3B48590064F570 /* SocrataClientTests.swift */,
				F164205A2CC09D2C00E87F66 /* MockURLProtocol.swift */,
				F16420632CC342B200E87F66 /* test04loungedata.json */,
			);
			path = AtxHealthGradesTests;
			sourceTree = "<group>";
		};
		F1609A3B2CE301F600988712 /* View */ = {
			isa = PBXGroup;
			children = (
				F152B1C12D24928400321DDF /* FavoritesView.swift */,
				F1D5F5292CE7D22200CE7B0C /* FavoritesButton.swift */,
				F10706212CE5B612005B3399 /* ReportChart.swift */,
				F1EACEE12C371C71006BE3F9 /* MainView.swift */,
				F15471C12CF0F21F00F65095 /* SearchBar.swift */,
				F10B6A9A2C508FA0001536B4 /* TextSearchResultView.swift */,
				F14FA4222CDC52940011B10A /* ScoreItem.swift */,
				F1609A342CE300BE00988712 /* AppProgressView.swift */,
				F1F55FAA2C38680B005C0F30 /* FoodBackground.swift */,
				F1609A382CE3015200988712 /* MapUtilityButton.swift */,
				F152C1422C3CAF990064F570 /* MapView.swift */,
				F1609A362CE300D200988712 /* ProximitySearchResultView.swift */,
			);
			path = View;
			sourceTree = "<group>";
		};
		F1609A3C2CE3021100988712 /* API */ = {
			isa = PBXGroup;
			children = (
				F152C1312C3B3C120064F570 /* SocrataAPIClient.swift */,
				F164205C2CC0A29D00E87F66 /* APIClient.swift */,
				F10B6A982C508ABB001536B4 /* ClientError.swift */,
				F1F1E2122D22192A00CFF9FA /* LocalizedAlertError.swift */,
				F1F55FAE2C38F1FC005C0F30 /* UrlBuilder.swift */,
			);
			path = API;
			sourceTree = "<group>";
		};
		F1609A3D2CE3022B00988712 /* ViewModel */ = {
			isa = PBXGroup;
			children = (
				F1D5F52B2CEC398B00CE7B0C /* FavoritesViewModel.swift */,
				F1EACEF72C374B89006BE3F9 /* SearchViewModel.swift */,
				F13860592C3CBDF70052EBC8 /* MapViewModel.swift */,
			);
			path = ViewModel;
			sourceTree = "<group>";
		};
		F1609A3E2CE3027000988712 /* Model */ = {
			isa = PBXGroup;
			children = (
				F1EACEF32C373CF5006BE3F9 /* Report.swift */,
				F13860572C3CBCEC0052EBC8 /* LocationService.swift */,
			);
			path = Model;
			sourceTree = "<group>";
		};
		F1EACED32C371C71006BE3F9 = {
			isa = PBXGroup;
			children = (
				F161E6012D39FCEA00529432 /* austin.gpx */,
				F1CDD1932D30C25A00E9EA7F /* todo.txt */,
				F1D5F5252CE6FDDA00CE7B0C /* README.md */,
				F1EACEDE2C371C71006BE3F9 /* AtxHealthGrades */,
				F152C1382C3B482A0064F570 /* AtxHealthGradesTests */,
				F1EACEDD2C371C71006BE3F9 /* Products */,
			);
			sourceTree = "<group>";
		};
		F1EACEDD2C371C71006BE3F9 /* Products */ = {
			isa = PBXGroup;
			children = (
				F1EACEDC2C371C71006BE3F9 /* AtxHealthGrades.app */,
				F152C1372C3B482A0064F570 /* AtxHealthGradesTests.xctest */,
			);
			name = Products;
			sourceTree = "<group>";
		};
		F1EACEDE2C371C71006BE3F9 /* AtxHealthGrades */ = {
			isa = PBXGroup;
			children = (
				F1FA6CE42D41E4AA00F218CD /* Info.plist */,
				F1EACEDF2C371C71006BE3F9 /* AtxHealthGradesApp.swift */,
				F1609A3C2CE3021100988712 /* API */,
				F1609A3B2CE301F600988712 /* View */,
				F1609A3D2CE3022B00988712 /* ViewModel */,
				F1609A3E2CE3027000988712 /* Model */,
				F1D5F5272CE7BE7400CE7B0C /* FavoritesStore.swift */,
				F1F55FAC2C38E632005C0F30 /* Extensions.swift */,
				F11C8CB72CD072A300409F83 /* Modifiers.swift */,
				F1EACEEF2C371DED006BE3F9 /* Constants.swift */,
				F1EACEE52C371C73006BE3F9 /* Assets.xcassets */,
				F1EACEE72C371C73006BE3F9 /* Preview Content */,
			);
			path = AtxHealthGrades;
			sourceTree = "<group>";
		};
		F1EACEE72C371C73006BE3F9 /* Preview Content */ = {
			isa = PBXGroup;
			children = (
				F1EACEE82C371C73006BE3F9 /* Preview Assets.xcassets */,
			);
			path = "Preview Content";
			sourceTree = "<group>";
		};
/* End PBXGroup section */

/* Begin PBXNativeTarget section */
		F152C1362C3B482A0064F570 /* AtxHealthGradesTests */ = {
			isa = PBXNativeTarget;
			buildConfigurationList = F152C13D2C3B482A0064F570 /* Build configuration list for PBXNativeTarget "AtxHealthGradesTests" */;
			buildPhases = (
				F152C1332C3B482A0064F570 /* Sources */,
				F152C1342C3B482A0064F570 /* Frameworks */,
				F152C1352C3B482A0064F570 /* Resources */,
			);
			buildRules = (
			);
			dependencies = (
				F152C13C2C3B482A0064F570 /* PBXTargetDependency */,
			);
			name = AtxHealthGradesTests;
			productName = AtxHealthInspectionTests;
			productReference = F152C1372C3B482A0064F570 /* AtxHealthGradesTests.xctest */;
			productType = "com.apple.product-type.bundle.unit-test";
		};
		F1EACEDB2C371C71006BE3F9 /* AtxHealthGrades */ = {
			isa = PBXNativeTarget;
			buildConfigurationList = F1EACEEC2C371C73006BE3F9 /* Build configuration list for PBXNativeTarget "AtxHealthGrades" */;
			buildPhases = (
				F1EACED82C371C71006BE3F9 /* Sources */,
				F1EACED92C371C71006BE3F9 /* Frameworks */,
				F1EACEDA2C371C71006BE3F9 /* Resources */,
			);
			buildRules = (
			);
			dependencies = (
			);
			name = AtxHealthGrades;
			productName = AtxHealthInspection;
			productReference = F1EACEDC2C371C71006BE3F9 /* AtxHealthGrades.app */;
			productType = "com.apple.product-type.application";
		};
/* End PBXNativeTarget section */

/* Begin PBXProject section */
		F1EACED42C371C71006BE3F9 /* Project object */ = {
			isa = PBXProject;
			attributes = {
				BuildIndependentTargetsInParallel = 1;
				LastSwiftUpdateCheck = 1540;
				LastUpgradeCheck = 1540;
				TargetAttributes = {
					F152C1362C3B482A0064F570 = {
						CreatedOnToolsVersion = 15.4;
						TestTargetID = F1EACEDB2C371C71006BE3F9;
					};
					F1EACEDB2C371C71006BE3F9 = {
						CreatedOnToolsVersion = 15.4;
					};
				};
			};
			buildConfigurationList = F1EACED72C371C71006BE3F9 /* Build configuration list for PBXProject "AtxHealthGrades" */;
			compatibilityVersion = "Xcode 14.0";
			developmentRegion = en;
			hasScannedForEncodings = 0;
			knownRegions = (
				en,
				Base,
			);
			mainGroup = F1EACED32C371C71006BE3F9;
			packageReferences = (
				F17D9F022CD91B0B0014851D /* XCRemoteSwiftPackageReference "swift-collections" */,
			);
			productRefGroup = F1EACEDD2C371C71006BE3F9 /* Products */;
			projectDirPath = "";
			projectRoot = "";
			targets = (
				F1EACEDB2C371C71006BE3F9 /* AtxHealthGrades */,
				F152C1362C3B482A0064F570 /* AtxHealthGradesTests */,
			);
		};
/* End PBXProject section */

/* Begin PBXResourcesBuildPhase section */
		F152C1352C3B482A0064F570 /* Resources */ = {
			isa = PBXResourcesBuildPhase;
			buildActionMask = 2147483647;
			files = (
				F16420642CC342C300E87F66 /* test04loungedata.json in Resources */,
			);
			runOnlyForDeploymentPostprocessing = 0;
		};
		F1EACEDA2C371C71006BE3F9 /* Resources */ = {
			isa = PBXResourcesBuildPhase;
			buildActionMask = 2147483647;
			files = (
				F1D5F5262CE6FDDA00CE7B0C /* README.md in Resources */,
				F1EACEE92C371C73006BE3F9 /* Preview Assets.xcassets in Resources */,
				F1EACEE62C371C73006BE3F9 /* Assets.xcassets in Resources */,
			);
			runOnlyForDeploymentPostprocessing = 0;
		};
/* End PBXResourcesBuildPhase section */

/* Begin PBXSourcesBuildPhase section */
		F152C1332C3B482A0064F570 /* Sources */ = {
			isa = PBXSourcesBuildPhase;
			buildActionMask = 2147483647;
			files = (
				F16420682CC344AD00E87F66 /* InputTests.swift in Sources */,
				F15471BC2CED718B00F65095 /* FavoritesTests.swift in Sources */,
				F152C1412C3B48590064F570 /* SocrataClientTests.swift in Sources */,
				F164205B2CC09D2C00E87F66 /* MockURLProtocol.swift in Sources */,
			);
			runOnlyForDeploymentPostprocessing = 0;
		};
		F1EACED82C371C71006BE3F9 /* Sources */ = {
			isa = PBXSourcesBuildPhase;
			buildActionMask = 2147483647;
			files = (
				F1609A352CE300BE00988712 /* AppProgressView.swift in Sources */,
				F10706222CE5B618005B3399 /* ReportChart.swift in Sources */,
				F152C1432C3CAF990064F570 /* MapView.swift in Sources */,
				F1EACEF82C374B89006BE3F9 /* SearchViewModel.swift in Sources */,
				F1D5F52C2CEC399000CE7B0C /* FavoritesViewModel.swift in Sources */,
				F1F1E2132D22193400CFF9FA /* LocalizedAlertError.swift in Sources */,
				F1EACEF42C373CF5006BE3F9 /* Report.swift in Sources */,
				F1F55FAF2C38F1FC005C0F30 /* UrlBuilder.swift in Sources */,
				F152B1C22D24928E00321DDF /* FavoritesView.swift in Sources */,
				F10B6A9B2C508FA0001536B4 /* TextSearchResultView.swift in Sources */,
				F1EACEE22C371C71006BE3F9 /* MainView.swift in Sources */,
				F152C1322C3B3C120064F570 /* SocrataAPIClient.swift in Sources */,
				F1EACEE02C371C71006BE3F9 /* AtxHealthGradesApp.swift in Sources */,
				F14FA4232CDC52940011B10A /* ScoreItem.swift in Sources */,
				F15471C22CF0F21F00F65095 /* SearchBar.swift in Sources */,
				F1609A392CE3015600988712 /* MapUtilityButton.swift in Sources */,
				F1EACEF02C371DED006BE3F9 /* Constants.swift in Sources */,
				F13860582C3CBCEC0052EBC8 /* LocationService.swift in Sources */,
				F1D5F52A2CE7D22800CE7B0C /* FavoritesButton.swift in Sources */,
				F1609A372CE300D200988712 /* ProximitySearchResultView.swift in Sources */,
				F10B6A992C508ABB001536B4 /* ClientError.swift in Sources */,
				F138605A2C3CBDF70052EBC8 /* MapViewModel.swift in Sources */,
				F1F55FAD2C38E632005C0F30 /* Extensions.swift in Sources */,
				F1D5F5282CE7BE7C00CE7B0C /* FavoritesStore.swift in Sources */,
				F1F55FAB2C38680B005C0F30 /* FoodBackground.swift in Sources */,
				F11C8CB82CD072A700409F83 /* Modifiers.swift in Sources */,
				F164205D2CC0A29D00E87F66 /* APIClient.swift in Sources */,
			);
			runOnlyForDeploymentPostprocessing = 0;
		};
/* End PBXSourcesBuildPhase section */

/* Begin PBXTargetDependency section */
		F152C13C2C3B482A0064F570 /* PBXTargetDependency */ = {
			isa = PBXTargetDependency;
			target = F1EACEDB2C371C71006BE3F9 /* AtxHealthGrades */;
			targetProxy = F152C13B2C3B482A0064F570 /* PBXContainerItemProxy */;
		};
/* End PBXTargetDependency section */

/* Begin XCBuildConfiguration section */
		F152C13E2C3B482A0064F570 /* Debug */ = {
			isa = XCBuildConfiguration;
			buildSettings = {
				BUNDLE_LOADER = "$(TEST_HOST)";
				CODE_SIGN_STYLE = Automatic;
				CURRENT_PROJECT_VERSION = 1;
				DEVELOPMENT_TEAM = XXRYJDD55J;
				GENERATE_INFOPLIST_FILE = YES;
				MARKETING_VERSION = 1.0;
				PRODUCT_BUNDLE_IDENTIFIER = com.toph.AtxHealthInspectionTests;
				PRODUCT_NAME = "$(TARGET_NAME)";
				SWIFT_EMIT_LOC_STRINGS = NO;
				SWIFT_VERSION = 5.0;
				TARGETED_DEVICE_FAMILY = "1,2";
				TEST_HOST = "$(BUILT_PRODUCTS_DIR)/AtxHealthGrades.app/$(BUNDLE_EXECUTABLE_FOLDER_PATH)/AtxHealthGrades";
			};
			name = Debug;
		};
		F152C13F2C3B482A0064F570 /* Release */ = {
			isa = XCBuildConfiguration;
			buildSettings = {
				BUNDLE_LOADER = "$(TEST_HOST)";
				CODE_SIGN_STYLE = Automatic;
				CURRENT_PROJECT_VERSION = 1;
				DEVELOPMENT_TEAM = XXRYJDD55J;
				GENERATE_INFOPLIST_FILE = YES;
				MARKETING_VERSION = 1.0;
				PRODUCT_BUNDLE_IDENTIFIER = com.toph.AtxHealthInspectionTests;
				PRODUCT_NAME = "$(TARGET_NAME)";
				SWIFT_EMIT_LOC_STRINGS = NO;
				SWIFT_VERSION = 5.0;
				TARGETED_DEVICE_FAMILY = "1,2";
				TEST_HOST = "$(BUILT_PRODUCTS_DIR)/AtxHealthGrades.app/$(BUNDLE_EXECUTABLE_FOLDER_PATH)/AtxHealthGrades";
			};
			name = Release;
		};
		F1EACEEA2C371C73006BE3F9 /* Debug */ = {
			isa = XCBuildConfiguration;
			buildSettings = {
				ALWAYS_SEARCH_USER_PATHS = NO;
				ASSETCATALOG_COMPILER_GENERATE_SWIFT_ASSET_SYMBOL_EXTENSIONS = YES;
				CLANG_ANALYZER_NONNULL = YES;
				CLANG_ANALYZER_NUMBER_OBJECT_CONVERSION = YES_AGGRESSIVE;
				CLANG_CXX_LANGUAGE_STANDARD = "gnu++20";
				CLANG_ENABLE_MODULES = YES;
				CLANG_ENABLE_OBJC_ARC = YES;
				CLANG_ENABLE_OBJC_WEAK = YES;
				CLANG_WARN_BLOCK_CAPTURE_AUTORELEASING = YES;
				CLANG_WARN_BOOL_CONVERSION = YES;
				CLANG_WARN_COMMA = YES;
				CLANG_WARN_CONSTANT_CONVERSION = YES;
				CLANG_WARN_DEPRECATED_OBJC_IMPLEMENTATIONS = YES;
				CLANG_WARN_DIRECT_OBJC_ISA_USAGE = YES_ERROR;
				CLANG_WARN_DOCUMENTATION_COMMENTS = YES;
				CLANG_WARN_EMPTY_BODY = YES;
				CLANG_WARN_ENUM_CONVERSION = YES;
				CLANG_WARN_INFINITE_RECURSION = YES;
				CLANG_WARN_INT_CONVERSION = YES;
				CLANG_WARN_NON_LITERAL_NULL_CONVERSION = YES;
				CLANG_WARN_OBJC_IMPLICIT_RETAIN_SELF = YES;
				CLANG_WARN_OBJC_LITERAL_CONVERSION = YES;
				CLANG_WARN_OBJC_ROOT_CLASS = YES_ERROR;
				CLANG_WARN_QUOTED_INCLUDE_IN_FRAMEWORK_HEADER = YES;
				CLANG_WARN_RANGE_LOOP_ANALYSIS = YES;
				CLANG_WARN_STRICT_PROTOTYPES = YES;
				CLANG_WARN_SUSPICIOUS_MOVE = YES;
				CLANG_WARN_UNGUARDED_AVAILABILITY = YES_AGGRESSIVE;
				CLANG_WARN_UNREACHABLE_CODE = YES;
				CLANG_WARN__DUPLICATE_METHOD_MATCH = YES;
				COPY_PHASE_STRIP = NO;
				DEBUG_INFORMATION_FORMAT = dwarf;
				ENABLE_STRICT_OBJC_MSGSEND = YES;
				ENABLE_TESTABILITY = YES;
				ENABLE_USER_SCRIPT_SANDBOXING = YES;
				GCC_C_LANGUAGE_STANDARD = gnu17;
				GCC_DYNAMIC_NO_PIC = NO;
				GCC_NO_COMMON_BLOCKS = YES;
				GCC_OPTIMIZATION_LEVEL = 0;
				GCC_PREPROCESSOR_DEFINITIONS = (
					"DEBUG=1",
					"$(inherited)",
				);
				GCC_WARN_64_TO_32_BIT_CONVERSION = YES;
				GCC_WARN_ABOUT_RETURN_TYPE = YES_ERROR;
				GCC_WARN_UNDECLARED_SELECTOR = YES;
				GCC_WARN_UNINITIALIZED_AUTOS = YES_AGGRESSIVE;
				GCC_WARN_UNUSED_FUNCTION = YES;
				GCC_WARN_UNUSED_VARIABLE = YES;
				IPHONEOS_DEPLOYMENT_TARGET = 17.5;
				LOCALIZATION_PREFERS_STRING_CATALOGS = YES;
				MTL_ENABLE_DEBUG_INFO = INCLUDE_SOURCE;
				MTL_FAST_MATH = YES;
				ONLY_ACTIVE_ARCH = YES;
				SDKROOT = iphoneos;
				SWIFT_ACTIVE_COMPILATION_CONDITIONS = "DEBUG $(inherited)";
				SWIFT_OPTIMIZATION_LEVEL = "-Onone";
				SWIFT_VERSION = 6.0;
			};
			name = Debug;
		};
		F1EACEEB2C371C73006BE3F9 /* Release */ = {
			isa = XCBuildConfiguration;
			buildSettings = {
				ALWAYS_SEARCH_USER_PATHS = NO;
				ASSETCATALOG_COMPILER_GENERATE_SWIFT_ASSET_SYMBOL_EXTENSIONS = YES;
				CLANG_ANALYZER_NONNULL = YES;
				CLANG_ANALYZER_NUMBER_OBJECT_CONVERSION = YES_AGGRESSIVE;
				CLANG_CXX_LANGUAGE_STANDARD = "gnu++20";
				CLANG_ENABLE_MODULES = YES;
				CLANG_ENABLE_OBJC_ARC = YES;
				CLANG_ENABLE_OBJC_WEAK = YES;
				CLANG_WARN_BLOCK_CAPTURE_AUTORELEASING = YES;
				CLANG_WARN_BOOL_CONVERSION = YES;
				CLANG_WARN_COMMA = YES;
				CLANG_WARN_CONSTANT_CONVERSION = YES;
				CLANG_WARN_DEPRECATED_OBJC_IMPLEMENTATIONS = YES;
				CLANG_WARN_DIRECT_OBJC_ISA_USAGE = YES_ERROR;
				CLANG_WARN_DOCUMENTATION_COMMENTS = YES;
				CLANG_WARN_EMPTY_BODY = YES;
				CLANG_WARN_ENUM_CONVERSION = YES;
				CLANG_WARN_INFINITE_RECURSION = YES;
				CLANG_WARN_INT_CONVERSION = YES;
				CLANG_WARN_NON_LITERAL_NULL_CONVERSION = YES;
				CLANG_WARN_OBJC_IMPLICIT_RETAIN_SELF = YES;
				CLANG_WARN_OBJC_LITERAL_CONVERSION = YES;
				CLANG_WARN_OBJC_ROOT_CLASS = YES_ERROR;
				CLANG_WARN_QUOTED_INCLUDE_IN_FRAMEWORK_HEADER = YES;
				CLANG_WARN_RANGE_LOOP_ANALYSIS = YES;
				CLANG_WARN_STRICT_PROTOTYPES = YES;
				CLANG_WARN_SUSPICIOUS_MOVE = YES;
				CLANG_WARN_UNGUARDED_AVAILABILITY = YES_AGGRESSIVE;
				CLANG_WARN_UNREACHABLE_CODE = YES;
				CLANG_WARN__DUPLICATE_METHOD_MATCH = YES;
				COPY_PHASE_STRIP = NO;
				DEBUG_INFORMATION_FORMAT = "dwarf-with-dsym";
				ENABLE_NS_ASSERTIONS = NO;
				ENABLE_STRICT_OBJC_MSGSEND = YES;
				ENABLE_USER_SCRIPT_SANDBOXING = YES;
				GCC_C_LANGUAGE_STANDARD = gnu17;
				GCC_NO_COMMON_BLOCKS = YES;
				GCC_WARN_64_TO_32_BIT_CONVERSION = YES;
				GCC_WARN_ABOUT_RETURN_TYPE = YES_ERROR;
				GCC_WARN_UNDECLARED_SELECTOR = YES;
				GCC_WARN_UNINITIALIZED_AUTOS = YES_AGGRESSIVE;
				GCC_WARN_UNUSED_FUNCTION = YES;
				GCC_WARN_UNUSED_VARIABLE = YES;
				IPHONEOS_DEPLOYMENT_TARGET = 17.5;
				LOCALIZATION_PREFERS_STRING_CATALOGS = YES;
				MTL_ENABLE_DEBUG_INFO = NO;
				MTL_FAST_MATH = YES;
				SDKROOT = iphoneos;
				SWIFT_COMPILATION_MODE = wholemodule;
				SWIFT_VERSION = 6.0;
				VALIDATE_PRODUCT = YES;
			};
			name = Release;
		};
		F1EACEED2C371C73006BE3F9 /* Debug */ = {
			isa = XCBuildConfiguration;
			buildSettings = {
				ASSETCATALOG_COMPILER_APPICON_NAME = AppIcon;
				ASSETCATALOG_COMPILER_GLOBAL_ACCENT_COLOR_NAME = AccentColor;
				CODE_SIGN_IDENTITY = "Apple Development";
				CODE_SIGN_STYLE = Automatic;
				CURRENT_PROJECT_VERSION = 1;
				DEVELOPMENT_ASSET_PATHS = "\"AtxHealthGrades/Preview Content\"";
				DEVELOPMENT_TEAM = XXRYJDD55J;
				ENABLE_PREVIEWS = YES;
				GENERATE_INFOPLIST_FILE = YES;
				INFOPLIST_FILE = AtxHealthGrades/Info.plist;
				INFOPLIST_KEY_LSApplicationCategoryType = "public.app-category.food-and-drink";
				INFOPLIST_KEY_NSLocationWhenInUseUsageDescription = "ATX Health Grades requires user's location to peform location-based searches.";
				INFOPLIST_KEY_UIApplicationSceneManifest_Generation = YES;
				INFOPLIST_KEY_UIApplicationSupportsIndirectInputEvents = YES;
				INFOPLIST_KEY_UILaunchScreen_Generation = YES;
				INFOPLIST_KEY_UIRequiresFullScreen = YES;
				INFOPLIST_KEY_UISupportedInterfaceOrientations = UIInterfaceOrientationPortrait;
				IPHONEOS_DEPLOYMENT_TARGET = 17.0;
				LD_RUNPATH_SEARCH_PATHS = (
					"$(inherited)",
					"@executable_path/Frameworks",
				);
				MARKETING_VERSION = 1.0;
				PRODUCT_BUNDLE_IDENTIFIER = com.toph.AtxHealthGrades;
				PRODUCT_NAME = "$(TARGET_NAME)";
				PROVISIONING_PROFILE_SPECIFIER = "";
				SUPPORTED_PLATFORMS = "iphoneos iphonesimulator";
				SUPPORTS_MACCATALYST = NO;
				SUPPORTS_MAC_DESIGNED_FOR_IPHONE_IPAD = NO;
				SUPPORTS_XR_DESIGNED_FOR_IPHONE_IPAD = NO;
				SWIFT_EMIT_LOC_STRINGS = YES;
				SWIFT_VERSION = 6.0;
				TARGETED_DEVICE_FAMILY = "1,2";
			};
			name = Debug;
		};
		F1EACEEE2C371C73006BE3F9 /* Release */ = {
			isa = XCBuildConfiguration;
			buildSettings = {
				ASSETCATALOG_COMPILER_APPICON_NAME = AppIcon;
				ASSETCATALOG_COMPILER_GLOBAL_ACCENT_COLOR_NAME = AccentColor;
				CODE_SIGN_IDENTITY = "Apple Development";
				CODE_SIGN_STYLE = Automatic;
				CURRENT_PROJECT_VERSION = 1;
				DEVELOPMENT_ASSET_PATHS = "\"AtxHealthGrades/Preview Content\"";
				DEVELOPMENT_TEAM = XXRYJDD55J;
				ENABLE_PREVIEWS = YES;
				GENERATE_INFOPLIST_FILE = YES;
				INFOPLIST_FILE = AtxHealthGrades/Info.plist;
				INFOPLIST_KEY_LSApplicationCategoryType = "public.app-category.food-and-drink";
				INFOPLIST_KEY_NSLocationWhenInUseUsageDescription = "ATX Health Grades requires user's location to peform location-based searches.";
				INFOPLIST_KEY_UIApplicationSceneManifest_Generation = YES;
				INFOPLIST_KEY_UIApplicationSupportsIndirectInputEvents = YES;
				INFOPLIST_KEY_UILaunchScreen_Generation = YES;
				INFOPLIST_KEY_UIRequiresFullScreen = YES;
				INFOPLIST_KEY_UISupportedInterfaceOrientations = UIInterfaceOrientationPortrait;
				IPHONEOS_DEPLOYMENT_TARGET = 17.0;
				LD_RUNPATH_SEARCH_PATHS = (
					"$(inherited)",
					"@executable_path/Frameworks",
				);
				MARKETING_VERSION = 1.0;
				PRODUCT_BUNDLE_IDENTIFIER = com.toph.AtxHealthGrades;
				PRODUCT_NAME = "$(TARGET_NAME)";
				PROVISIONING_PROFILE_SPECIFIER = "";
				SUPPORTED_PLATFORMS = "iphoneos iphonesimulator";
				SUPPORTS_MACCATALYST = NO;
				SUPPORTS_MAC_DESIGNED_FOR_IPHONE_IPAD = NO;
				SUPPORTS_XR_DESIGNED_FOR_IPHONE_IPAD = NO;
				SWIFT_EMIT_LOC_STRINGS = YES;
				SWIFT_VERSION = 6.0;
				TARGETED_DEVICE_FAMILY = "1,2";
			};
			name = Release;
		};
/* End XCBuildConfiguration section */

/* Begin XCConfigurationList section */
		F152C13D2C3B482A0064F570 /* Build configuration list for PBXNativeTarget "AtxHealthGradesTests" */ = {
			isa = XCConfigurationList;
			buildConfigurations = (
				F152C13E2C3B482A0064F570 /* Debug */,
				F152C13F2C3B482A0064F570 /* Release */,
			);
			defaultConfigurationIsVisible = 0;
			defaultConfigurationName = Release;
		};
		F1EACED72C371C71006BE3F9 /* Build configuration list for PBXProject "AtxHealthGrades" */ = {
			isa = XCConfigurationList;
			buildConfigurations = (
				F1EACEEA2C371C73006BE3F9 /* Debug */,
				F1EACEEB2C371C73006BE3F9 /* Release */,
			);
			defaultConfigurationIsVisible = 0;
			defaultConfigurationName = Release;
		};
		F1EACEEC2C371C73006BE3F9 /* Build configuration list for PBXNativeTarget "AtxHealthGrades" */ = {
			isa = XCConfigurationList;
			buildConfigurations = (
				F1EACEED2C371C73006BE3F9 /* Debug */,
				F1EACEEE2C371C73006BE3F9 /* Release */,
			);
			defaultConfigurationIsVisible = 0;
			defaultConfigurationName = Release;
		};
/* End XCConfigurationList section */

/* Begin XCRemoteSwiftPackageReference section */
		F17D9F022CD91B0B0014851D /* XCRemoteSwiftPackageReference "swift-collections" */ = {
			isa = XCRemoteSwiftPackageReference;
			repositoryURL = "https://github.com/apple/swift-collections.git";
			requirement = {
				kind = upToNextMajorVersion;
				minimumVersion = 1.1.4;
			};
		};
/* End XCRemoteSwiftPackageReference section */

/* Begin XCSwiftPackageProductDependency section */
		F17D9F032CD91B0B0014851D /* Collections */ = {
			isa = XCSwiftPackageProductDependency;
			package = F17D9F022CD91B0B0014851D /* XCRemoteSwiftPackageReference "swift-collections" */;
			productName = Collections;
		};
/* End XCSwiftPackageProductDependency section */
	};
	rootObject = F1EACED42C371C71006BE3F9 /* Project object */;
}
